{
  "name": "be-elevating",
  "version": "0.0.5",
  "lockfileVersion": 3,
  "requires": true,
  "packages": {
    "": {
      "name": "be-elevating",
      "version": "0.0.5",
      "license": "MIT",
      "dependencies": {
        "be-enhanced": "0.0.162",
        "be-hive": "0.0.242",
        "be-linked": "0.0.111",
        "be-propagating": "0.0.58",
        "trans-render": "0.0.874"
      },
      "devDependencies": {
        "@playwright/test": "1.49.1",
        "ssi-server": "0.0.1"
      }
    },
    "node_modules/@playwright/test": {
      "version": "1.49.1",
      "resolved": "https://registry.npmjs.org/@playwright/test/-/test-1.49.1.tgz",
      "integrity": "sha512-Ky+BVzPz8pL6PQxHqNRW1k3mIyv933LML7HktS8uik0bUXNCdPhoS/kLihiO1tMf/egaJb4IutXd7UywvXEW+g==",
      "dev": true,
      "license": "Apache-2.0",
      "dependencies": {
        "playwright": "1.49.1"
      },
      "bin": {
        "playwright": "cli.js"
      },
      "engines": {
        "node": ">=18"
      }
    },
    "node_modules/be-enhanced": {
      "version": "0.0.162",
      "resolved": "https://registry.npmjs.org/be-enhanced/-/be-enhanced-0.0.162.tgz",
      "integrity": "sha512-mF4SgOhD5dcS4CJgUpswsPM6IKJnaiQZ6upRTEIwImqXDyd7U7GvPX8abm1wWpDdIoWOZH1wuMQ6m2F0wcEBjQ==",
      "license": "MIT",
      "dependencies": {
        "trans-render": "0.0.873"
      }
    },
    "node_modules/be-enhanced/node_modules/trans-render": {
      "version": "0.0.873",
      "resolved": "https://registry.npmjs.org/trans-render/-/trans-render-0.0.873.tgz",
      "integrity": "sha512-jy19BLabUnx5ydSFaDdRQOosKOnOf5zO338taf2ZNziowD7ClOeI3ydwfiv5Qqn2sfKNz80gajQv8T2dMa66tA==",
      "license": "MIT",
      "dependencies": {
        "mount-observer": "0.0.39"
      }
    },
    "node_modules/be-exportable": {
      "version": "0.0.126",
      "resolved": "https://registry.npmjs.org/be-exportable/-/be-exportable-0.0.126.tgz",
      "integrity": "sha512-aecyGofBH3/kG1dm4TEP0UVMIprutzrAhYEai8nhg3nQymML2rhcNFkitvtbBn9uU1d30x4kpaMjC9oZv/felw==",
      "license": "MIT",
      "dependencies": {
        "be-enhanced": "0.0.131",
        "be-hive": "0.0.201",
        "blow-dry": "0.0.11",
        "trans-render": "0.0.821"
      }
    },
    "node_modules/be-exportable/node_modules/be-enhanced": {
      "version": "0.0.131",
      "resolved": "https://registry.npmjs.org/be-enhanced/-/be-enhanced-0.0.131.tgz",
      "integrity": "sha512-Ros0pC6gOBWcQ7TgruLzZ9mMPuVfbBZbC6BrTnnZIkFUnluVa3uKy0imMAvVlyshDoKJO1Yq6M/RtGB6uS60Sw==",
      "license": "MIT",
      "dependencies": {
        "trans-render": "0.0.821"
      }
    },
    "node_modules/be-exportable/node_modules/be-hive": {
      "version": "0.0.201",
      "resolved": "https://registry.npmjs.org/be-hive/-/be-hive-0.0.201.tgz",
      "integrity": "sha512-ibMaYX6/Bp4llJQmmAmjyzm8ritFhm3wY7d4KKqq/ASZrEIHmaXLoCEqd/UfUFG8uxWf8mHP4/fqb6D+Rs9SdA==",
      "license": "MIT",
      "dependencies": {
        "be-enhanced": "0.0.131",
        "mount-observer": "0.0.31",
        "trans-render": "0.0.821"
      }
    },
    "node_modules/be-exportable/node_modules/mount-observer": {
      "version": "0.0.31",
      "resolved": "https://registry.npmjs.org/mount-observer/-/mount-observer-0.0.31.tgz",
      "integrity": "sha512-CkWTXhuvXp0qSoPWLmjLmecqmcTrnCa8GTm7lFzYan6KNpuEUn/ZpGtdpTu0lB128SPJFhwuH2kj0Xr3LKe8+w==",
      "license": "MIT"
    },
    "node_modules/be-exportable/node_modules/trans-render": {
      "version": "0.0.821",
      "resolved": "https://registry.npmjs.org/trans-render/-/trans-render-0.0.821.tgz",
      "integrity": "sha512-lB+SIvCI4XLUmAoXmVDT9rVDAx36fN1pd3+2IbDryDi0D0EXNegsQciaeQ5i2NIZYsNSYXKf8I5Lyf/5AnaOcQ==",
      "license": "MIT",
      "dependencies": {
        "mount-observer": "0.0.31"
      }
    },
    "node_modules/be-hive": {
      "version": "0.0.242",
      "resolved": "https://registry.npmjs.org/be-hive/-/be-hive-0.0.242.tgz",
      "integrity": "sha512-GVqvzwqQMaUGcRt14gwFK158lEBExsEj1VsXseL6mxT41dHzBH+UpkMYbl7I340Sr44WO9JKiBjVbV11f6jnUQ==",
      "license": "MIT",
      "dependencies": {
        "be-enhanced": "0.0.162",
        "mount-observer": "0.0.39",
        "trans-render": "0.0.873"
      }
    },
    "node_modules/be-hive/node_modules/trans-render": {
      "version": "0.0.873",
      "resolved": "https://registry.npmjs.org/trans-render/-/trans-render-0.0.873.tgz",
      "integrity": "sha512-jy19BLabUnx5ydSFaDdRQOosKOnOf5zO338taf2ZNziowD7ClOeI3ydwfiv5Qqn2sfKNz80gajQv8T2dMa66tA==",
      "license": "MIT",
      "dependencies": {
        "mount-observer": "0.0.39"
      }
    },
    "node_modules/be-intl": {
      "version": "0.0.46",
      "resolved": "https://registry.npmjs.org/be-intl/-/be-intl-0.0.46.tgz",
      "integrity": "sha512-M8crg+5fLaLeFU49BmApVqMSR6W4eOnq8dv+2Yf3XlhOPDNwAXMwXsU7mrTf+iN2XfoTZeFAMhkQ8HhY+StWTQ==",
      "license": "MIT",
      "dependencies": {
        "be-enhanced": "0.0.131",
        "be-hive": "0.0.201",
        "be-propagating": "0.0.57",
        "be-value-added": "0.0.50",
        "trans-render": "0.0.821"
      }
    },
    "node_modules/be-intl/node_modules/be-enhanced": {
      "version": "0.0.131",
      "resolved": "https://registry.npmjs.org/be-enhanced/-/be-enhanced-0.0.131.tgz",
      "integrity": "sha512-Ros0pC6gOBWcQ7TgruLzZ9mMPuVfbBZbC6BrTnnZIkFUnluVa3uKy0imMAvVlyshDoKJO1Yq6M/RtGB6uS60Sw==",
      "license": "MIT",
      "dependencies": {
        "trans-render": "0.0.821"
      }
    },
    "node_modules/be-intl/node_modules/be-hive": {
      "version": "0.0.201",
      "resolved": "https://registry.npmjs.org/be-hive/-/be-hive-0.0.201.tgz",
      "integrity": "sha512-ibMaYX6/Bp4llJQmmAmjyzm8ritFhm3wY7d4KKqq/ASZrEIHmaXLoCEqd/UfUFG8uxWf8mHP4/fqb6D+Rs9SdA==",
      "license": "MIT",
      "dependencies": {
        "be-enhanced": "0.0.131",
        "mount-observer": "0.0.31",
        "trans-render": "0.0.821"
      }
    },
    "node_modules/be-intl/node_modules/be-propagating": {
      "version": "0.0.57",
      "resolved": "https://registry.npmjs.org/be-propagating/-/be-propagating-0.0.57.tgz",
      "integrity": "sha512-rTAxKal/A+mbKrxXMXKZRe4thZY5BVdw4fcgFIIMlQhjj2yamqotXGMXE6vFotsHb2KjUMgc3GAUad0jLaMrWw==",
      "license": "MIT",
      "dependencies": {
        "be-enhanced": "0.0.131",
        "be-hive": "0.0.201",
        "trans-render": "0.0.821"
      }
    },
    "node_modules/be-intl/node_modules/mount-observer": {
      "version": "0.0.31",
      "resolved": "https://registry.npmjs.org/mount-observer/-/mount-observer-0.0.31.tgz",
      "integrity": "sha512-CkWTXhuvXp0qSoPWLmjLmecqmcTrnCa8GTm7lFzYan6KNpuEUn/ZpGtdpTu0lB128SPJFhwuH2kj0Xr3LKe8+w==",
      "license": "MIT"
    },
    "node_modules/be-intl/node_modules/trans-render": {
      "version": "0.0.821",
      "resolved": "https://registry.npmjs.org/trans-render/-/trans-render-0.0.821.tgz",
      "integrity": "sha512-lB+SIvCI4XLUmAoXmVDT9rVDAx36fN1pd3+2IbDryDi0D0EXNegsQciaeQ5i2NIZYsNSYXKf8I5Lyf/5AnaOcQ==",
      "license": "MIT",
      "dependencies": {
        "mount-observer": "0.0.31"
      }
    },
    "node_modules/be-linked": {
      "version": "0.0.111",
      "resolved": "https://registry.npmjs.org/be-linked/-/be-linked-0.0.111.tgz",
      "integrity": "sha512-FQqLE+kn/7CS4u1KtjEX5OeT9S0ahD1DndNXTw3L6xFhjBbwu3emr0kV0p5QFhff6PgL3QTXtYz8wIsjpKXAEQ==",
      "license": "MIT",
      "dependencies": {
        "be-enhanced": "0.0.131",
        "be-exportable": "0.0.126",
        "be-hive": "0.0.201",
        "be-intl": "0.0.46",
        "be-propagating": "0.0.57",
        "be-repeated": "0.0.140",
        "be-value-added": "0.0.50",
        "trans-render": "0.0.821"
      }
    },
    "node_modules/be-linked/node_modules/be-enhanced": {
      "version": "0.0.131",
      "resolved": "https://registry.npmjs.org/be-enhanced/-/be-enhanced-0.0.131.tgz",
      "integrity": "sha512-Ros0pC6gOBWcQ7TgruLzZ9mMPuVfbBZbC6BrTnnZIkFUnluVa3uKy0imMAvVlyshDoKJO1Yq6M/RtGB6uS60Sw==",
      "license": "MIT",
      "dependencies": {
        "trans-render": "0.0.821"
      }
    },
    "node_modules/be-linked/node_modules/be-hive": {
      "version": "0.0.201",
      "resolved": "https://registry.npmjs.org/be-hive/-/be-hive-0.0.201.tgz",
      "integrity": "sha512-ibMaYX6/Bp4llJQmmAmjyzm8ritFhm3wY7d4KKqq/ASZrEIHmaXLoCEqd/UfUFG8uxWf8mHP4/fqb6D+Rs9SdA==",
      "license": "MIT",
      "dependencies": {
        "be-enhanced": "0.0.131",
        "mount-observer": "0.0.31",
        "trans-render": "0.0.821"
      }
    },
    "node_modules/be-linked/node_modules/be-propagating": {
      "version": "0.0.57",
      "resolved": "https://registry.npmjs.org/be-propagating/-/be-propagating-0.0.57.tgz",
      "integrity": "sha512-rTAxKal/A+mbKrxXMXKZRe4thZY5BVdw4fcgFIIMlQhjj2yamqotXGMXE6vFotsHb2KjUMgc3GAUad0jLaMrWw==",
      "license": "MIT",
      "dependencies": {
        "be-enhanced": "0.0.131",
        "be-hive": "0.0.201",
        "trans-render": "0.0.821"
      }
    },
    "node_modules/be-linked/node_modules/mount-observer": {
      "version": "0.0.31",
      "resolved": "https://registry.npmjs.org/mount-observer/-/mount-observer-0.0.31.tgz",
      "integrity": "sha512-CkWTXhuvXp0qSoPWLmjLmecqmcTrnCa8GTm7lFzYan6KNpuEUn/ZpGtdpTu0lB128SPJFhwuH2kj0Xr3LKe8+w==",
      "license": "MIT"
    },
    "node_modules/be-linked/node_modules/trans-render": {
      "version": "0.0.821",
      "resolved": "https://registry.npmjs.org/trans-render/-/trans-render-0.0.821.tgz",
      "integrity": "sha512-lB+SIvCI4XLUmAoXmVDT9rVDAx36fN1pd3+2IbDryDi0D0EXNegsQciaeQ5i2NIZYsNSYXKf8I5Lyf/5AnaOcQ==",
      "license": "MIT",
      "dependencies": {
        "mount-observer": "0.0.31"
      }
    },
    "node_modules/be-propagating": {
      "version": "0.0.58",
      "resolved": "https://registry.npmjs.org/be-propagating/-/be-propagating-0.0.58.tgz",
      "integrity": "sha512-esVEFpm2RESNjEBuzh9TKzJgJWOKeJiuRersS5f6V52l3y8GHxPlhmGxyzMfG8A0yElHlNIehXOIRFIwCA134Q==",
      "license": "MIT",
      "dependencies": {
        "be-enhanced": "0.0.133",
        "be-hive": "0.0.202",
        "trans-render": "0.0.825"
      }
    },
    "node_modules/be-propagating/node_modules/be-enhanced": {
      "version": "0.0.133",
      "resolved": "https://registry.npmjs.org/be-enhanced/-/be-enhanced-0.0.133.tgz",
      "integrity": "sha512-vVRo/6ZeMvb38ttWcoNVOOy0pNz8kQr7TAIMfjXvT8SjBbGaW0rABG1qFyj2wLD2XnBlTqs/OYD7w7NEu9/5Fg==",
      "license": "MIT",
      "dependencies": {
        "trans-render": "0.0.825"
      }
    },
    "node_modules/be-propagating/node_modules/be-hive": {
      "version": "0.0.202",
      "resolved": "https://registry.npmjs.org/be-hive/-/be-hive-0.0.202.tgz",
      "integrity": "sha512-oxLFoL8sT1elPWNn8LcMfM0t/eiz65vPL9CVcE4r5XrbvV5owx4iKZsWtztSeFItBJ4BewkJBv6I5Tk1M6vKCw==",
      "license": "MIT",
      "dependencies": {
        "be-enhanced": "0.0.133",
        "mount-observer": "0.0.34",
        "trans-render": "0.0.825"
      }
    },
    "node_modules/be-propagating/node_modules/mount-observer": {
      "version": "0.0.34",
      "resolved": "https://registry.npmjs.org/mount-observer/-/mount-observer-0.0.34.tgz",
      "integrity": "sha512-Qd5hS6DnXBReVxyMRVExQ0854m0BQcN5PCdag/ihQj+2VxnxnqfVZ3/XFCVqflws+VtIx3IT1UjT8LINUlMoHg==",
      "license": "MIT"
    },
    "node_modules/be-propagating/node_modules/trans-render": {
      "version": "0.0.825",
      "resolved": "https://registry.npmjs.org/trans-render/-/trans-render-0.0.825.tgz",
      "integrity": "sha512-v00AWfKl9uoFm3FZRlhTlHROBJFXdGLNnU2jBM4NGx/OjCZWISL3ghlXrtC7Vpq0OvLQKiQmMewbmc9iYdU1Mw==",
      "license": "MIT",
      "dependencies": {
        "mount-observer": "0.0.34"
      }
    },
    "node_modules/be-repeated": {
      "version": "0.0.140",
      "resolved": "https://registry.npmjs.org/be-repeated/-/be-repeated-0.0.140.tgz",
      "integrity": "sha512-1asS55h7bDGjjZgPmT8t/xwMFMDuenKBjUqinPtB+XkbasMTG5Bo3aihZXn0DTAI81AkHvAs/FlSuY2qYMJA5Q==",
      "license": "MIT",
      "dependencies": {
        "be-enhanced": "0.0.131",
        "be-hive": "0.0.201",
        "trans-render": "0.0.821"
      }
    },
    "node_modules/be-repeated/node_modules/be-enhanced": {
      "version": "0.0.131",
      "resolved": "https://registry.npmjs.org/be-enhanced/-/be-enhanced-0.0.131.tgz",
      "integrity": "sha512-Ros0pC6gOBWcQ7TgruLzZ9mMPuVfbBZbC6BrTnnZIkFUnluVa3uKy0imMAvVlyshDoKJO1Yq6M/RtGB6uS60Sw==",
      "license": "MIT",
      "dependencies": {
        "trans-render": "0.0.821"
      }
    },
    "node_modules/be-repeated/node_modules/be-hive": {
      "version": "0.0.201",
      "resolved": "https://registry.npmjs.org/be-hive/-/be-hive-0.0.201.tgz",
      "integrity": "sha512-ibMaYX6/Bp4llJQmmAmjyzm8ritFhm3wY7d4KKqq/ASZrEIHmaXLoCEqd/UfUFG8uxWf8mHP4/fqb6D+Rs9SdA==",
      "license": "MIT",
      "dependencies": {
        "be-enhanced": "0.0.131",
        "mount-observer": "0.0.31",
        "trans-render": "0.0.821"
      }
    },
    "node_modules/be-repeated/node_modules/mount-observer": {
      "version": "0.0.31",
      "resolved": "https://registry.npmjs.org/mount-observer/-/mount-observer-0.0.31.tgz",
      "integrity": "sha512-CkWTXhuvXp0qSoPWLmjLmecqmcTrnCa8GTm7lFzYan6KNpuEUn/ZpGtdpTu0lB128SPJFhwuH2kj0Xr3LKe8+w==",
      "license": "MIT"
    },
    "node_modules/be-repeated/node_modules/trans-render": {
      "version": "0.0.821",
      "resolved": "https://registry.npmjs.org/trans-render/-/trans-render-0.0.821.tgz",
      "integrity": "sha512-lB+SIvCI4XLUmAoXmVDT9rVDAx36fN1pd3+2IbDryDi0D0EXNegsQciaeQ5i2NIZYsNSYXKf8I5Lyf/5AnaOcQ==",
      "license": "MIT",
      "dependencies": {
        "mount-observer": "0.0.31"
      }
    },
    "node_modules/be-value-added": {
      "version": "0.0.50",
      "resolved": "https://registry.npmjs.org/be-value-added/-/be-value-added-0.0.50.tgz",
      "integrity": "sha512-KwiT0N45Fshw5vlS3PDYtLDSwDQHHT2lNF1jtIPi0yUL+bSOMn0x/nXtL3hKafuCkwLNlF+eAyESld/Odiqa0w==",
      "license": "MIT",
      "dependencies": {
        "be-enhanced": "0.0.131",
        "be-hive": "0.0.201",
        "trans-render": "0.0.821"
      }
    },
    "node_modules/be-value-added/node_modules/be-enhanced": {
      "version": "0.0.131",
      "resolved": "https://registry.npmjs.org/be-enhanced/-/be-enhanced-0.0.131.tgz",
      "integrity": "sha512-Ros0pC6gOBWcQ7TgruLzZ9mMPuVfbBZbC6BrTnnZIkFUnluVa3uKy0imMAvVlyshDoKJO1Yq6M/RtGB6uS60Sw==",
      "license": "MIT",
      "dependencies": {
        "trans-render": "0.0.821"
      }
    },
    "node_modules/be-value-added/node_modules/be-hive": {
      "version": "0.0.201",
      "resolved": "https://registry.npmjs.org/be-hive/-/be-hive-0.0.201.tgz",
      "integrity": "sha512-ibMaYX6/Bp4llJQmmAmjyzm8ritFhm3wY7d4KKqq/ASZrEIHmaXLoCEqd/UfUFG8uxWf8mHP4/fqb6D+Rs9SdA==",
      "license": "MIT",
      "dependencies": {
        "be-enhanced": "0.0.131",
        "mount-observer": "0.0.31",
        "trans-render": "0.0.821"
      }
    },
    "node_modules/be-value-added/node_modules/mount-observer": {
      "version": "0.0.31",
      "resolved": "https://registry.npmjs.org/mount-observer/-/mount-observer-0.0.31.tgz",
      "integrity": "sha512-CkWTXhuvXp0qSoPWLmjLmecqmcTrnCa8GTm7lFzYan6KNpuEUn/ZpGtdpTu0lB128SPJFhwuH2kj0Xr3LKe8+w==",
      "license": "MIT"
    },
    "node_modules/be-value-added/node_modules/trans-render": {
      "version": "0.0.821",
      "resolved": "https://registry.npmjs.org/trans-render/-/trans-render-0.0.821.tgz",
      "integrity": "sha512-lB+SIvCI4XLUmAoXmVDT9rVDAx36fN1pd3+2IbDryDi0D0EXNegsQciaeQ5i2NIZYsNSYXKf8I5Lyf/5AnaOcQ==",
      "license": "MIT",
      "dependencies": {
        "mount-observer": "0.0.31"
      }
    },
    "node_modules/blow-dry": {
      "version": "0.0.11",
      "resolved": "https://registry.npmjs.org/blow-dry/-/blow-dry-0.0.11.tgz",
      "integrity": "sha512-GJC9OTEDQRti0mlAZ2tHPRyDOod2pr7ZXa08Ze9MM/cQ+fFDXOdArL9H08/R7Xnftb/rNBIUE4gBFOZulGynYw==",
      "license": "MIT"
    },
    "node_modules/fsevents": {
      "version": "2.3.2",
      "resolved": "https://registry.npmjs.org/fsevents/-/fsevents-2.3.2.tgz",
      "integrity": "sha512-xiqMQR4xAeHTuB9uWm+fFRcIOgKBMiOBP+eXiyT7jsgVCq1bkVygt00oASowB7EdtpOHaaPgKt812P9ab+DDKA==",
      "dev": true,
      "hasInstallScript": true,
      "license": "MIT",
      "optional": true,
      "os": [
        "darwin"
      ],
      "engines": {
        "node": "^8.16.0 || ^10.6.0 || >=11.0.0"
      }
    },
    "node_modules/mount-observer": {
      "version": "0.0.39",
      "resolved": "https://registry.npmjs.org/mount-observer/-/mount-observer-0.0.39.tgz",
      "integrity": "sha512-iyoMdQAE4luZfgXDf4zO6hiLd33w8tRAIdpJZVu30UAH2pwysjAqZOuPP0/fbcBUH3JBY6jVE8WlNHfc11gjNA==",
      "license": "MIT"
    },
    "node_modules/playwright": {
      "version": "1.49.1",
      "resolved": "https://registry.npmjs.org/playwright/-/playwright-1.49.1.tgz",
      "integrity": "sha512-VYL8zLoNTBxVOrJBbDuRgDWa3i+mfQgDTrL8Ah9QXZ7ax4Dsj0MSq5bYgytRnDVVe+njoKnfsYkH3HzqVj5UZA==",
      "dev": true,
      "license": "Apache-2.0",
      "dependencies": {
        "playwright-core": "1.49.1"
      },
      "bin": {
        "playwright": "cli.js"
      },
      "engines": {
        "node": ">=18"
      },
      "optionalDependencies": {
        "fsevents": "2.3.2"
      }
    },
    "node_modules/playwright-core": {
      "version": "1.49.1",
      "resolved": "https://registry.npmjs.org/playwright-core/-/playwright-core-1.49.1.tgz",
      "integrity": "sha512-BzmpVcs4kE2CH15rWfzpjzVGhWERJfmnXmniSyKeRZUs9Ws65m+RGIi7mjJK/euCegfn3i7jvqWeWyHe9y3Vgg==",
      "dev": true,
      "license": "Apache-2.0",
      "bin": {
        "playwright-core": "cli.js"
      },
      "engines": {
        "node": ">=18"
      }
    },
    "node_modules/ssi-server": {
      "version": "0.0.1",
      "resolved": "https://registry.npmjs.org/ssi-server/-/ssi-server-0.0.1.tgz",
      "integrity": "sha512-HdgGAl+z7O0lq3Bl4cCnj4tKg7mG3rI4srKnaoPTHIzHO4QMMdvP9z6IDRz1fIpgLBMi6b6ZnvbYa2TSPjBhpg==",
      "dev": true,
      "license": "Apache-2.0"
    },
    "node_modules/trans-render": {
      "version": "0.0.874",
      "resolved": "https://registry.npmjs.org/trans-render/-/trans-render-0.0.874.tgz",
      "integrity": "sha512-5LERxBmGFORzM2Pv62CnPOsKRKquIQ6xXbQFyHKlPLSqhm34j1cABP6GOlu3Boh8jmFDNPd+52Kr/EfQyid5hA==",
      "license": "MIT",
      "dependencies": {
        "mount-observer": "0.0.39"
      }
    }
  }
}
